
Microsoft Visual Studio Solution File, Format Version 12.00
# Visual Studio Version 16
VisualStudioVersion = 16.0.29613.14
MinimumVisualStudioVersion = 10.0.40219.1
Project("{FAE04EC0-301F-11D3-BF4B-00C04F79EFBC}") = "EfDemo", "EfDemo\EfDemo.csproj", "{93167367-96C4-474B-83B5-7216DFEDA10C}"
EndProject
Global
	GlobalSection(SolutionConfigurationPlatforms) = preSolution
		Debug|Any CPU = Debug|Any CPU
		Release|Any CPU = Release|Any CPU
	EndGlobalSection
	GlobalSection(ProjectConfigurationPlatforms) = postSolution
		{93167367-96C4-474B-83B5-7216DFEDA10C}.Debug|Any CPU.ActiveCfg = Debug|Any CPU
		{93167367-96C4-474B-83B5-7216DFEDA10C}.Debug|Any CPU.Build.0 = Debug|Any CPU
		{93167367-96C4-474B-83B5-7216DFEDA10C}.Release|Any CPU.ActiveCfg = Release|Any CPU
		{93167367-96C4-474B-83B5-7216DFEDA10C}.Release|Any CPU.Build.0 = Release|Any CPU
	EndGlobalSection
	GlobalSection(SolutionProperties) = preSolution
		HideSolutionNode = FALSE
	EndGlobalSection
	GlobalSection(ExtensibilityGlobals) = postSolution
		SolutionGuid = {1DE495AD-C5E4-4CDA-88E2-B315B136E6DE}
	EndGlobalSection
EndGlobal
